github.com/starter-go/afs v0.9.5 h1:nlXQwCzqI0fht6RrQYj+CBCH2dPX2j7HArkEf11Vhjw=
github.com/starter-go/afs v0.9.5/go.mod h1:Kuwz+TntvRVUYJuHWfR9hkEIcBiIC3ScW9IS/gjJulM=
github.com/starter-go/application v0.9.23 h1:lyfwAjWfh2qgkQ4ydbSywNYc5EvFQe+p1vigvtd+JvU=
github.com/starter-go/application v0.9.23/go.mod h1:N7WtRDs9tdxU0tPAXqSo0tjyGlUuaB+Bs9reinO5igw=
github.com/starter-go/base v0.9.11 h1:QG5kcShJSV9cs2KEeqZ8UN9icM/0uPZwPFrh0XUOf+Q=
github.com/starter-go/base v0.9.11/go.mod h1:MMqPMFzwPHjKyfX0cMmkpAAbeJ0tJupFbI8D+x27fJM=
github.com/starter-go/configen v0.9.5 h1:KTwueLMQA3Ba70sJddK+hOLEifOI0dTXpPkX/jiBjIo=
github.com/starter-go/configen v0.9.5/go.mod h1:n3qiv4z1nZ0h4qfcX9Ju8kUMgjuLUkv0EvL6lxQOwtQ=
github.com/starter-go/starter v1.0.8 h1:cmBJbVSb0s3YJPU16hZYCmFJGFevIxLg7gpyoXsOwJ0=
github.com/starter-go/starter v1.0.8/go.mod h1:gD1cVYjsYcE+4bLKZzXQp/O5v/mvbDg8LeIRZr61VhA=
github.com/starter-go/units v0.0.3 h1:UlHs4qIDfTgNHbuVZdsWZyGp8JPC/jy0XyNw+FMarGc=
github.com/starter-go/units v0.0.3/go.mod h1:T/Yq2RjMxhzawqqjv+3zsQcyuoajD1wDHZzUSRQyZ20=
github.com/starter-go/vlog v0.9.8 h1:NmVv/lquEmvQ78nRf0C5eiJ0prNByV8o4aMmwBB3isc=
github.com/starter-go/vlog v0.9.8/go.mod h1:ywWUCfWNTqXrelvO4/3sQ04SCW4ClR3PiN3qpSlXhH0=
